
Microsoft Visual Studio Solution File, Format Version 12.00
# Visual Studio Version 17
VisualStudioVersion = 17.5.33516.290
MinimumVisualStudioVersion = 10.0.40219.1
Project("{FAE04EC0-301F-11D3-BF4B-00C04F79EFBC}") = "Alice_Bookshelf", "Alice_Bookshelf\Alice_Bookshelf.csproj", "{FF752789-B1D0-4D65-9143-FBCD191E407D}"
EndProject
Global
	GlobalSection(SolutionConfigurationPlatforms) = preSolution
		Debug|Any CPU = Debug|Any CPU
		Release|Any CPU = Release|Any CPU
	EndGlobalSection
	GlobalSection(ProjectConfigurationPlatforms) = postSolution
		{FF752789-B1D0-4D65-9143-FBCD191E407D}.Debug|Any CPU.ActiveCfg = Debug|Any CPU
		{FF752789-B1D0-4D65-9143-FBCD191E407D}.Debug|Any CPU.Build.0 = Debug|Any CPU
		{FF752789-B1D0-4D65-9143-FBCD191E407D}.Release|Any CPU.ActiveCfg = Release|Any CPU
		{FF752789-B1D0-4D65-9143-FBCD191E407D}.Release|Any CPU.Build.0 = Release|Any CPU
	EndGlobalSection
	GlobalSection(SolutionProperties) = preSolution
		HideSolutionNode = FALSE
	EndGlobalSection
	GlobalSection(ExtensibilityGlobals) = postSolution
		SolutionGuid = {5179F137-2692-4130-A9F8-9E0DB463B382}
	EndGlobalSection
EndGlobal
